
Microsoft Visual Studio Solution File, Format Version 12.00
# Visual Studio Version 17
VisualStudioVersion = 17.14.36127.28 d17.14
MinimumVisualStudioVersion = 10.0.40219.1
Project("{FAE04EC0-301F-11D3-BF4B-00C04F79EFBC}") = "SampleApp", "SampleApp\SampleApp.csproj", "{5A0AA28D-CEFA-4130-91F0-C49663A21018}"
EndProject
Global
	GlobalSection(SolutionConfigurationPlatforms) = preSolution
		Debug|Any CPU = Debug|Any CPU
		Release|Any CPU = Release|Any CPU
	EndGlobalSection
	GlobalSection(ProjectConfigurationPlatforms) = postSolution
		{5A0AA28D-CEFA-4130-91F0-C49663A21018}.Debug|Any CPU.ActiveCfg = Debug|Any CPU
		{5A0AA28D-CEFA-4130-91F0-C49663A21018}.Debug|Any CPU.Build.0 = Debug|Any CPU
		{5A0AA28D-CEFA-4130-91F0-C49663A21018}.Release|Any CPU.ActiveCfg = Release|Any CPU
		{5A0AA28D-CEFA-4130-91F0-C49663A21018}.Release|Any CPU.Build.0 = Release|Any CPU
	EndGlobalSection
	GlobalSection(SolutionProperties) = preSolution
		HideSolutionNode = FALSE
	EndGlobalSection
	GlobalSection(ExtensibilityGlobals) = postSolution
		SolutionGuid = {FBD8FD85-263A-49C2-AE57-5EEFC014D033}
	EndGlobalSection
EndGlobal
